
Microsoft Visual Studio Solution File, Format Version 12.00
# Visual Studio Version 16
VisualStudioVersion = 16.0.31729.503
MinimumVisualStudioVersion = 10.0.40219.1
Project("{FAE04EC0-301F-11D3-BF4B-00C04F79EFBC}") = "OpenTelemetryExample.Api", "OpenTelemetryExample.Api\OpenTelemetryExample.Api.csproj", "{45A41E9B-CEB6-4456-97F7-A31D6510EC33}"
EndProject
Global
	GlobalSection(SolutionConfigurationPlatforms) = preSolution
		Debug|Any CPU = Debug|Any CPU
		Release|Any CPU = Release|Any CPU
	EndGlobalSection
	GlobalSection(ProjectConfigurationPlatforms) = postSolution
		{45A41E9B-CEB6-4456-97F7-A31D6510EC33}.Debug|Any CPU.ActiveCfg = Debug|Any CPU
		{45A41E9B-CEB6-4456-97F7-A31D6510EC33}.Debug|Any CPU.Build.0 = Debug|Any CPU
		{45A41E9B-CEB6-4456-97F7-A31D6510EC33}.Release|Any CPU.ActiveCfg = Release|Any CPU
		{45A41E9B-CEB6-4456-97F7-A31D6510EC33}.Release|Any CPU.Build.0 = Release|Any CPU
	EndGlobalSection
	GlobalSection(SolutionProperties) = preSolution
		HideSolutionNode = FALSE
	EndGlobalSection
	GlobalSection(ExtensibilityGlobals) = postSolution
		SolutionGuid = {34E26242-16E6-4EFF-8F85-F30FB6EE8C69}
	EndGlobalSection
EndGlobal
